<Solution>
  <Folder Name="/Demos/">
    <Project Path="Demos/Mud.Wechat.Work.ContactCallbackDemo/Mud.Wechat.Work.ContactCallbackDemo.csproj" />
    <Project Path="Demos/Mud.Wechat.Work.ContactDemo/Mud.Wechat.Work.ContactDemo.csproj" />
  </Folder>
  <Folder Name="/src/">
    <Project Path="Mud.Wechat.Abstractions/Mud.Wechat.Abstractions.csproj" />
    <Project Path="Mud.Wechat.Work.Abstractions/Mud.Wechat.Work.Abstractions.csproj" />
    <Project Path="Mud.Wechat.Callback.Generator/Mud.Wechat.Callback.Generator.csproj" />
    <Project Path="Mud.Wechat.Callback.Analyzers/Mud.Wechat.Callback.Analyzers.csproj" />
    <Project Path="Mud.Wechat.Work.Callback/Mud.Wechat.Work.Callback.csproj" />
    <Project Path="Mud.Wechat.Work.DataModels/Mud.Wechat.Work.DataModels.csproj" />
    <Project Path="Mud.Wechat.Redis/Mud.Wechat.Redis.csproj" />
    <Project Path="Mud.Wechat.Work/Mud.Wechat.Work.csproj" />
    <Project Path="Mud.Wechat.OfficialAccount.Abstractions/Mud.Wechat.OfficialAccount.Abstractions.csproj" />
    <Project Path="Mud.Wechat.OfficialAccount.DataModels/Mud.Wechat.OfficialAccount.DataModels.csproj" />
    <Project Path="Mud.Wechat.OfficialAccount/Mud.Wechat.OfficialAccount.csproj" />
    <Project Path="Mud.Wechat.OfficialAccount.Callback/Mud.Wechat.OfficialAccount.Callback.csproj" />
    <Project Path="Mud.Wechat.MiniProgram.Abstractions/Mud.Wechat.MiniProgram.Abstractions.csproj" />
    <Project Path="Mud.Wechat.MiniProgram.DataModels/Mud.Wechat.MiniProgram.DataModels.csproj" />
    <Project Path="Mud.Wechat.MiniProgram/Mud.Wechat.MiniProgram.csproj" />
    <Project Path="Mud.Wechat.Pay.Abstractions/Mud.Wechat.Pay.Abstractions.csproj" />
    <Project Path="Mud.Wechat.Pay.DataModels/Mud.Wechat.Pay.DataModels.csproj" />
    <Project Path="Mud.Wechat.Pay/Mud.Wechat.Pay.csproj" />
    <Project Path="Mud.Wechat.Pay.Callback/Mud.Wechat.Pay.Callback.csproj" />
    <Project Path="Mud.Wechat.OpenTelemetry/Mud.Wechat.OpenTelemetry.csproj" />
  </Folder>
  <Folder Name="/tests/">
    <Project Path="Tests/Mud.Wechat.Abstractions.Tests/Mud.Wechat.Abstractions.Tests.csproj" />
    <Project Path="Tests/Mud.Wechat.Work.Abstractions.Tests/Mud.Wechat.Work.Abstractions.Tests.csproj" />
    <Project Path="Tests/Mud.Wechat.Work.Callback.Tests/Mud.Wechat.Work.Callback.Tests.csproj" />
    <Project Path="Tests/Mud.Wechat.Work.DataModels.Tests/Mud.Wechat.Work.DataModels.Tests.csproj" />
    <Project Path="Tests/Mud.Wechat.Redis.Tests/Mud.Wechat.Redis.Tests.csproj" />
    <Project Path="Tests/Mud.Wechat.Work.Tests/Mud.Wechat.Work.Tests.csproj" />
    <Project Path="Tests/Mud.Wechat.OfficialAccount.Tests/Mud.Wechat.OfficialAccount.Tests.csproj" />
    <Project Path="Tests/Mud.Wechat.OfficialAccount.Callback.Tests/Mud.Wechat.OfficialAccount.Callback.Tests.csproj" />
    <Project Path="Tests/Mud.Wechat.MiniProgram.Tests/Mud.Wechat.MiniProgram.Tests.csproj" />
    <Project Path="Tests/Mud.Wechat.Pay.Tests/Mud.Wechat.Pay.Tests.csproj" />
    <Project Path="Tests/Mud.Wechat.Pay.Callback.Tests/Mud.Wechat.Pay.Callback.Tests.csproj" />
    <Project Path="Tests/Mud.Wechat.OpenTelemetry.Tests/Mud.Wechat.OpenTelemetry.Tests.csproj" />
  </Folder>
</Solution>