<Solution>
  <Folder Name="/Demos/">
    <Project Path="Demos/Mud.Wechat.Work.ContactCallbackDemo/Mud.Wechat.Work.ContactCallbackDemo.csproj" />
    <Project Path="Demos/Mud.Wechat.Work.ContactDemo/Mud.Wechat.Work.ContactDemo.csproj" />
  </Folder>
  <Folder Name="/src/">
    <Project Path="Mud.Wechat.Work.Abstractions/Mud.Wechat.Work.Abstractions.csproj" />
    <Project Path="Mud.Wechat.Work.Callback.Generator/Mud.Wechat.Work.Callback.Generator.csproj" />
    <Project Path="Mud.Wechat.Work.Callback.Analyzers/Mud.Wechat.Work.Callback.Analyzers.csproj" />
    <Project Path="Mud.Wechat.Work.Callback/Mud.Wechat.Work.Callback.csproj" />
    <Project Path="Mud.Wechat.Work.DataModels/Mud.Wechat.Work.DataModels.csproj" />
    <Project Path="Mud.Wechat.Redis/Mud.Wechat.Redis.csproj" />
    <Project Path="Mud.Wechat.Work/Mud.Wechat.Work.csproj" />
  </Folder>
  <Folder Name="/tests/">
    <Project Path="Tests/Mud.Wechat.Work.Abstractions.Tests/Mud.Wechat.Work.Abstractions.Tests.csproj" />
    <Project Path="Tests/Mud.Wechat.Work.Callback.Tests/Mud.Wechat.Work.Callback.Tests.csproj" />
    <Project Path="Tests/Mud.Wechat.Work.DataModels.Tests/Mud.Wechat.Work.DataModels.Tests.csproj" />
    <Project Path="Tests/Mud.Wechat.Redis.Tests/Mud.Wechat.Redis.Tests.csproj" />
    <Project Path="Tests/Mud.Wechat.Work.Tests/Mud.Wechat.Work.Tests.csproj" />
  </Folder>
</Solution>
